PODS:
  - ReactiveCocoa (4.0.4-alpha-1):
    - ReactiveCocoa/UI (= 4.0.4-alpha-1)
    - Result (~> 0.6-beta.1)
  - ReactiveCocoa/Core (4.0.4-alpha-1):
    - ReactiveCocoa/no-arc
    - Result (~> 0.6-beta.1)
  - ReactiveCocoa/no-arc (4.0.4-alpha-1):
    - Result (~> 0.6-beta.1)
  - ReactiveCocoa/UI (4.0.4-alpha-1):
    - ReactiveCocoa/Core
    - Result (~> 0.6-beta.1)
  - Result (0.6.0-beta.6)

DEPENDENCIES:
  - ReactiveCocoa (~> 4.0.4-alpha-1)

SPEC CHECKSUMS:
  ReactiveCocoa: 618a2fc13d4ed80e380aa6fa56547cef43c7341d
  Result: dc390d0b58f9ec43fcd536f1ebdd130803cc6cbc

COCOAPODS: 0.38.2
